
Microsoft Visual Studio Solution File, Format Version 12.00
Project("{FAE04EC0-301F-11D3-BF4B-00C04F79EFBC}") = "AuthService", "AuthService\AuthService.csproj", "{D037351D-0326-48D9-A5B5-11B98DFB29CB}"
EndProject
Global
	GlobalSection(SolutionConfigurationPlatforms) = preSolution
		Debug|Any CPU = Debug|Any CPU
		Release|Any CPU = Release|Any CPU
	EndGlobalSection
	GlobalSection(ProjectConfigurationPlatforms) = postSolution
		{D037351D-0326-48D9-A5B5-11B98DFB29CB}.Debug|Any CPU.ActiveCfg = Debug|Any CPU
		{D037351D-0326-48D9-A5B5-11B98DFB29CB}.Debug|Any CPU.Build.0 = Debug|Any CPU
		{D037351D-0326-48D9-A5B5-11B98DFB29CB}.Release|Any CPU.ActiveCfg = Release|Any CPU
		{D037351D-0326-48D9-A5B5-11B98DFB29CB}.Release|Any CPU.Build.0 = Release|Any CPU
	EndGlobalSection
EndGlobal
